
Microsoft Visual Studio Solution File, Format Version 12.00
# Visual Studio 15
VisualStudioVersion = 15.0.26124.0
MinimumVisualStudioVersion = 15.0.26124.0
Project("{2150E333-8FDC-42A3-9474-1A3956D46DE8}") = "src", "src", "{77FF12D9-592D-461F-8E3A-018D3626DDB9}"
EndProject
Project("{FAE04EC0-301F-11D3-BF4B-00C04F79EFBC}") = "Poc.Cli", "src\Poc.Cli\Poc.Cli.csproj", "{96274A12-9C68-4D02-A504-AFB38E46A9E1}"
EndProject
Project("{FAE04EC0-301F-11D3-BF4B-00C04F79EFBC}") = "Poc.Core", "src\Poc.Core\Poc.Core.csproj", "{66BCB8D9-4994-498A-A863-09986CC942D1}"
EndProject
Project("{FAE04EC0-301F-11D3-BF4B-00C04F79EFBC}") = "Poc.Mvc", "src\Poc.Mvc\Poc.Mvc.csproj", "{80164F46-7DE8-417F-AFD3-5FD3190BF258}"
EndProject
Project("{FAE04EC0-301F-11D3-BF4B-00C04F79EFBC}") = "Poc.Web", "src\Poc.Web\Poc.Web.csproj", "{6A815744-BAC9-45CD-913A-180359137468}"
EndProject
Project("{2150E333-8FDC-42A3-9474-1A3956D46DE8}") = "test", "test", "{E5EDEAD5-646C-4AC3-AC73-27DA304C5CB9}"
EndProject
Project("{FAE04EC0-301F-11D3-BF4B-00C04F79EFBC}") = "Poc.Cli.Tests", "test\Poc.Cli.Tests\Poc.Cli.Tests.csproj", "{3BBD0415-3C8F-46F5-A11D-79298669AC12}"
EndProject
Project("{FAE04EC0-301F-11D3-BF4B-00C04F79EFBC}") = "Poc.Mvc.Tests", "test\Poc.Mvc.Tests\Poc.Mvc.Tests.csproj", "{B9C336D1-1945-4784-94DF-5C35EFE5F014}"
EndProject
Project("{FAE04EC0-301F-11D3-BF4B-00C04F79EFBC}") = "Poc.Web.Tests", "test\Poc.Web.Tests\Poc.Web.Tests.csproj", "{DD0F78F6-033E-4646-8671-704F545C07CF}"
EndProject
Project("{FAE04EC0-301F-11D3-BF4B-00C04F79EFBC}") = "Poc.Core.Tests", "test\Poc.Core.Tests\Poc.Core.Tests.csproj", "{07AF5650-AC3C-4D6A-AE06-F81BED68A1BB}"
EndProject
Global
	GlobalSection(SolutionConfigurationPlatforms) = preSolution
		Debug|Any CPU = Debug|Any CPU
		Debug|x64 = Debug|x64
		Debug|x86 = Debug|x86
		Release|Any CPU = Release|Any CPU
		Release|x64 = Release|x64
		Release|x86 = Release|x86
	EndGlobalSection
	GlobalSection(SolutionProperties) = preSolution
		HideSolutionNode = FALSE
	EndGlobalSection
	GlobalSection(ProjectConfigurationPlatforms) = postSolution
		{96274A12-9C68-4D02-A504-AFB38E46A9E1}.Debug|Any CPU.ActiveCfg = Debug|Any CPU
		{96274A12-9C68-4D02-A504-AFB38E46A9E1}.Debug|Any CPU.Build.0 = Debug|Any CPU
		{96274A12-9C68-4D02-A504-AFB38E46A9E1}.Debug|x64.ActiveCfg = Debug|Any CPU
		{96274A12-9C68-4D02-A504-AFB38E46A9E1}.Debug|x64.Build.0 = Debug|Any CPU
		{96274A12-9C68-4D02-A504-AFB38E46A9E1}.Debug|x86.ActiveCfg = Debug|Any CPU
		{96274A12-9C68-4D02-A504-AFB38E46A9E1}.Debug|x86.Build.0 = Debug|Any CPU
		{96274A12-9C68-4D02-A504-AFB38E46A9E1}.Release|Any CPU.ActiveCfg = Release|Any CPU
		{96274A12-9C68-4D02-A504-AFB38E46A9E1}.Release|Any CPU.Build.0 = Release|Any CPU
		{96274A12-9C68-4D02-A504-AFB38E46A9E1}.Release|x64.ActiveCfg = Release|Any CPU
		{96274A12-9C68-4D02-A504-AFB38E46A9E1}.Release|x64.Build.0 = Release|Any CPU
		{96274A12-9C68-4D02-A504-AFB38E46A9E1}.Release|x86.ActiveCfg = Release|Any CPU
		{96274A12-9C68-4D02-A504-AFB38E46A9E1}.Release|x86.Build.0 = Release|Any CPU
		{66BCB8D9-4994-498A-A863-09986CC942D1}.Debug|Any CPU.ActiveCfg = Debug|Any CPU
		{66BCB8D9-4994-498A-A863-09986CC942D1}.Debug|Any CPU.Build.0 = Debug|Any CPU
		{66BCB8D9-4994-498A-A863-09986CC942D1}.Debug|x64.ActiveCfg = Debug|Any CPU
		{66BCB8D9-4994-498A-A863-09986CC942D1}.Debug|x64.Build.0 = Debug|Any CPU
		{66BCB8D9-4994-498A-A863-09986CC942D1}.Debug|x86.ActiveCfg = Debug|Any CPU
		{66BCB8D9-4994-498A-A863-09986CC942D1}.Debug|x86.Build.0 = Debug|Any CPU
		{66BCB8D9-4994-498A-A863-09986CC942D1}.Release|Any CPU.ActiveCfg = Release|Any CPU
		{66BCB8D9-4994-498A-A863-09986CC942D1}.Release|Any CPU.Build.0 = Release|Any CPU
		{66BCB8D9-4994-498A-A863-09986CC942D1}.Release|x64.ActiveCfg = Release|Any CPU
		{66BCB8D9-4994-498A-A863-09986CC942D1}.Release|x64.Build.0 = Release|Any CPU
		{66BCB8D9-4994-498A-A863-09986CC942D1}.Release|x86.ActiveCfg = Release|Any CPU
		{66BCB8D9-4994-498A-A863-09986CC942D1}.Release|x86.Build.0 = Release|Any CPU
		{80164F46-7DE8-417F-AFD3-5FD3190BF258}.Debug|Any CPU.ActiveCfg = Debug|Any CPU
		{80164F46-7DE8-417F-AFD3-5FD3190BF258}.Debug|Any CPU.Build.0 = Debug|Any CPU
		{80164F46-7DE8-417F-AFD3-5FD3190BF258}.Debug|x64.ActiveCfg = Debug|Any CPU
		{80164F46-7DE8-417F-AFD3-5FD3190BF258}.Debug|x64.Build.0 = Debug|Any CPU
		{80164F46-7DE8-417F-AFD3-5FD3190BF258}.Debug|x86.ActiveCfg = Debug|Any CPU
		{80164F46-7DE8-417F-AFD3-5FD3190BF258}.Debug|x86.Build.0 = Debug|Any CPU
		{80164F46-7DE8-417F-AFD3-5FD3190BF258}.Release|Any CPU.ActiveCfg = Release|Any CPU
		{80164F46-7DE8-417F-AFD3-5FD3190BF258}.Release|Any CPU.Build.0 = Release|Any CPU
		{80164F46-7DE8-417F-AFD3-5FD3190BF258}.Release|x64.ActiveCfg = Release|Any CPU
		{80164F46-7DE8-417F-AFD3-5FD3190BF258}.Release|x64.Build.0 = Release|Any CPU
		{80164F46-7DE8-417F-AFD3-5FD3190BF258}.Release|x86.ActiveCfg = Release|Any CPU
		{80164F46-7DE8-417F-AFD3-5FD3190BF258}.Release|x86.Build.0 = Release|Any CPU
		{6A815744-BAC9-45CD-913A-180359137468}.Debug|Any CPU.ActiveCfg = Debug|Any CPU
		{6A815744-BAC9-45CD-913A-180359137468}.Debug|Any CPU.Build.0 = Debug|Any CPU
		{6A815744-BAC9-45CD-913A-180359137468}.Debug|x64.ActiveCfg = Debug|Any CPU
		{6A815744-BAC9-45CD-913A-180359137468}.Debug|x64.Build.0 = Debug|Any CPU
		{6A815744-BAC9-45CD-913A-180359137468}.Debug|x86.ActiveCfg = Debug|Any CPU
		{6A815744-BAC9-45CD-913A-180359137468}.Debug|x86.Build.0 = Debug|Any CPU
		{6A815744-BAC9-45CD-913A-180359137468}.Release|Any CPU.ActiveCfg = Release|Any CPU
		{6A815744-BAC9-45CD-913A-180359137468}.Release|Any CPU.Build.0 = Release|Any CPU
		{6A815744-BAC9-45CD-913A-180359137468}.Release|x64.ActiveCfg = Release|Any CPU
		{6A815744-BAC9-45CD-913A-180359137468}.Release|x64.Build.0 = Release|Any CPU
		{6A815744-BAC9-45CD-913A-180359137468}.Release|x86.ActiveCfg = Release|Any CPU
		{6A815744-BAC9-45CD-913A-180359137468}.Release|x86.Build.0 = Release|Any CPU
		{3BBD0415-3C8F-46F5-A11D-79298669AC12}.Debug|Any CPU.ActiveCfg = Debug|Any CPU
		{3BBD0415-3C8F-46F5-A11D-79298669AC12}.Debug|Any CPU.Build.0 = Debug|Any CPU
		{3BBD0415-3C8F-46F5-A11D-79298669AC12}.Debug|x64.ActiveCfg = Debug|Any CPU
		{3BBD0415-3C8F-46F5-A11D-79298669AC12}.Debug|x64.Build.0 = Debug|Any CPU
		{3BBD0415-3C8F-46F5-A11D-79298669AC12}.Debug|x86.ActiveCfg = Debug|Any CPU
		{3BBD0415-3C8F-46F5-A11D-79298669AC12}.Debug|x86.Build.0 = Debug|Any CPU
		{3BBD0415-3C8F-46F5-A11D-79298669AC12}.Release|Any CPU.ActiveCfg = Release|Any CPU
		{3BBD0415-3C8F-46F5-A11D-79298669AC12}.Release|Any CPU.Build.0 = Release|Any CPU
		{3BBD0415-3C8F-46F5-A11D-79298669AC12}.Release|x64.ActiveCfg = Release|Any CPU
		{3BBD0415-3C8F-46F5-A11D-79298669AC12}.Release|x64.Build.0 = Release|Any CPU
		{3BBD0415-3C8F-46F5-A11D-79298669AC12}.Release|x86.ActiveCfg = Release|Any CPU
		{3BBD0415-3C8F-46F5-A11D-79298669AC12}.Release|x86.Build.0 = Release|Any CPU
		{B9C336D1-1945-4784-94DF-5C35EFE5F014}.Debug|Any CPU.ActiveCfg = Debug|Any CPU
		{B9C336D1-1945-4784-94DF-5C35EFE5F014}.Debug|Any CPU.Build.0 = Debug|Any CPU
		{B9C336D1-1945-4784-94DF-5C35EFE5F014}.Debug|x64.ActiveCfg = Debug|Any CPU
		{B9C336D1-1945-4784-94DF-5C35EFE5F014}.Debug|x64.Build.0 = Debug|Any CPU
		{B9C336D1-1945-4784-94DF-5C35EFE5F014}.Debug|x86.ActiveCfg = Debug|Any CPU
		{B9C336D1-1945-4784-94DF-5C35EFE5F014}.Debug|x86.Build.0 = Debug|Any CPU
		{B9C336D1-1945-4784-94DF-5C35EFE5F014}.Release|Any CPU.ActiveCfg = Release|Any CPU
		{B9C336D1-1945-4784-94DF-5C35EFE5F014}.Release|Any CPU.Build.0 = Release|Any CPU
		{B9C336D1-1945-4784-94DF-5C35EFE5F014}.Release|x64.ActiveCfg = Release|Any CPU
		{B9C336D1-1945-4784-94DF-5C35EFE5F014}.Release|x64.Build.0 = Release|Any CPU
		{B9C336D1-1945-4784-94DF-5C35EFE5F014}.Release|x86.ActiveCfg = Release|Any CPU
		{B9C336D1-1945-4784-94DF-5C35EFE5F014}.Release|x86.Build.0 = Release|Any CPU
		{DD0F78F6-033E-4646-8671-704F545C07CF}.Debug|Any CPU.ActiveCfg = Debug|Any CPU
		{DD0F78F6-033E-4646-8671-704F545C07CF}.Debug|Any CPU.Build.0 = Debug|Any CPU
		{DD0F78F6-033E-4646-8671-704F545C07CF}.Debug|x64.ActiveCfg = Debug|Any CPU
		{DD0F78F6-033E-4646-8671-704F545C07CF}.Debug|x64.Build.0 = Debug|Any CPU
		{DD0F78F6-033E-4646-8671-704F545C07CF}.Debug|x86.ActiveCfg = Debug|Any CPU
		{DD0F78F6-033E-4646-8671-704F545C07CF}.Debug|x86.Build.0 = Debug|Any CPU
		{DD0F78F6-033E-4646-8671-704F545C07CF}.Release|Any CPU.ActiveCfg = Release|Any CPU
		{DD0F78F6-033E-4646-8671-704F545C07CF}.Release|Any CPU.Build.0 = Release|Any CPU
		{DD0F78F6-033E-4646-8671-704F545C07CF}.Release|x64.ActiveCfg = Release|Any CPU
		{DD0F78F6-033E-4646-8671-704F545C07CF}.Release|x64.Build.0 = Release|Any CPU
		{DD0F78F6-033E-4646-8671-704F545C07CF}.Release|x86.ActiveCfg = Release|Any CPU
		{DD0F78F6-033E-4646-8671-704F545C07CF}.Release|x86.Build.0 = Release|Any CPU
		{07AF5650-AC3C-4D6A-AE06-F81BED68A1BB}.Debug|Any CPU.ActiveCfg = Debug|Any CPU
		{07AF5650-AC3C-4D6A-AE06-F81BED68A1BB}.Debug|Any CPU.Build.0 = Debug|Any CPU
		{07AF5650-AC3C-4D6A-AE06-F81BED68A1BB}.Debug|x64.ActiveCfg = Debug|Any CPU
		{07AF5650-AC3C-4D6A-AE06-F81BED68A1BB}.Debug|x64.Build.0 = Debug|Any CPU
		{07AF5650-AC3C-4D6A-AE06-F81BED68A1BB}.Debug|x86.ActiveCfg = Debug|Any CPU
		{07AF5650-AC3C-4D6A-AE06-F81BED68A1BB}.Debug|x86.Build.0 = Debug|Any CPU
		{07AF5650-AC3C-4D6A-AE06-F81BED68A1BB}.Release|Any CPU.ActiveCfg = Release|Any CPU
		{07AF5650-AC3C-4D6A-AE06-F81BED68A1BB}.Release|Any CPU.Build.0 = Release|Any CPU
		{07AF5650-AC3C-4D6A-AE06-F81BED68A1BB}.Release|x64.ActiveCfg = Release|Any CPU
		{07AF5650-AC3C-4D6A-AE06-F81BED68A1BB}.Release|x64.Build.0 = Release|Any CPU
		{07AF5650-AC3C-4D6A-AE06-F81BED68A1BB}.Release|x86.ActiveCfg = Release|Any CPU
		{07AF5650-AC3C-4D6A-AE06-F81BED68A1BB}.Release|x86.Build.0 = Release|Any CPU
	EndGlobalSection
	GlobalSection(NestedProjects) = preSolution
		{96274A12-9C68-4D02-A504-AFB38E46A9E1} = {77FF12D9-592D-461F-8E3A-018D3626DDB9}
		{66BCB8D9-4994-498A-A863-09986CC942D1} = {77FF12D9-592D-461F-8E3A-018D3626DDB9}
		{80164F46-7DE8-417F-AFD3-5FD3190BF258} = {77FF12D9-592D-461F-8E3A-018D3626DDB9}
		{6A815744-BAC9-45CD-913A-180359137468} = {77FF12D9-592D-461F-8E3A-018D3626DDB9}
		{3BBD0415-3C8F-46F5-A11D-79298669AC12} = {E5EDEAD5-646C-4AC3-AC73-27DA304C5CB9}
		{B9C336D1-1945-4784-94DF-5C35EFE5F014} = {E5EDEAD5-646C-4AC3-AC73-27DA304C5CB9}
		{DD0F78F6-033E-4646-8671-704F545C07CF} = {E5EDEAD5-646C-4AC3-AC73-27DA304C5CB9}
		{07AF5650-AC3C-4D6A-AE06-F81BED68A1BB} = {E5EDEAD5-646C-4AC3-AC73-27DA304C5CB9}
	EndGlobalSection
EndGlobal
